// !$*UTF8*$!
{
	archiveVersion = 1;
	classes = {
	};
	objectVersion = 46;
	objects = {

/* Begin PBXBuildFile section */
		B5F84D0115609C0B009A2B46 /* UIKit.framework in Frameworks */ = {isa = PBXBuildFile; fileRef = B5F84D0015609C0B009A2B46 /* UIKit.framework */; };
		B5F84D0315609C0B009A2B46 /* Foundation.framework in Frameworks */ = {isa = PBXBuildFile; fileRef = B5F84D0215609C0B009A2B46 /* Foundation.framework */; };
		B5F84D0515609C0B009A2B46 /* CoreGraphics.framework in Frameworks */ = {isa = PBXBuildFile; fileRef = B5F84D0415609C0B009A2B46 /* CoreGraphics.framework */; };
		B5F84D0B15609C0B009A2B46 /* InfoPlist.strings in Resources */ = {isa = PBXBuildFile; fileRef = B5F84D0915609C0B009A2B46 /* InfoPlist.strings */; };
		B5F84D0D15609C0B009A2B46 /* main.m in Sources */ = {isa = PBXBuildFile; fileRef = B5F84D0C15609C0B009A2B46 /* main.m */; };
		B5F84D1115609C0B009A2B46 /* AppDelegate.m in Sources */ = {isa = PBXBuildFile; fileRef = B5F84D1015609C0B009A2B46 /* AppDelegate.m */; };
/* End PBXBuildFile section */

/* Begin PBXFileReference section */
		B5F84CFC15609C0B009A2B46 /* NongYunTong.app */ = {isa = PBXFileReference; explicitFileType = wrapper.application; includeInIndex = 0; path = NongYunTong.app; sourceTree = BUILT_PRODUCTS_DIR; };
		B5F84D0015609C0B009A2B46 /* UIKit.framework */ = {isa = PBXFileReference; lastKnownFileType = wrapper.framework; name = UIKit.framework; path = System/Library/Frameworks/UIKit.framework; sourceTree = SDKROOT; };
		B5F84D0215609C0B009A2B46 /* Foundation.framework */ = {isa = PBXFileReference; lastKnownFileType = wrapper.framework; name = Foundation.framework; path = System/Library/Frameworks/Foundation.framework; sourceTree = SDKROOT; };
		B5F84D0415609C0B009A2B46 /* CoreGraphics.framework */ = {isa = PBXFileReference; lastKnownFileType = wrapper.framework; name = CoreGraphics.framework; path = System/Library/Frameworks/CoreGraphics.framework; sourceTree = SDKROOT; };
		B5F84D0815609C0B009A2B46 /* NongYunTong-Info.plist */ = {isa = PBXFileReference; path = "NongYunTong-Info.plist"; sourceTree = "<group>"; };
		B5F84D0A15609C0B009A2B46 /* en */ = {isa = PBXFileReference; lastKnownFileType = text.plist.strings; name = en; path = en.lproj/InfoPlist.strings; sourceTree = "<group>"; };
		B5F84D0C15609C0B009A2B46 /* main.m */ = {isa = PBXFileReference; lastKnownFileType = sourcecode.c.objc; path = main.m; sourceTree = "<group>"; };
		B5F84D0E15609C0B009A2B46 /* NongYunTong-Prefix.pch */ = {isa = PBXFileReference; path = "NongYunTong-Prefix.pch"; sourceTree = "<group>"; };
		B5F84D0F15609C0B009A2B46 /* AppDelegate.h */ = {isa = PBXFileReference; path = AppDelegate.h; sourceTree = "<group>"; };
		B5F84D1015609C0B009A2B46 /* AppDelegate.m */ = {isa = PBXFileReference; lastKnownFileType = sourcecode.c.objc; path = AppDelegate.m; sourceTree = "<group>"; };
/* End PBXFileReference section */

/* Begin PBXFrameworksBuildPhase section */
		B5F84CF915609C0B009A2B46 /* Frameworks */ = {
			isa = PBXFrameworksBuildPhase;
			buildActionMask = 2147483647;
			files = (
				B5F84D0115609C0B009A2B46 /* UIKit.framework in Frameworks */,
				B5F84D0315609C0B009A2B46 /* Foundation.framework in Frameworks */,
				B5F84D0515609C0B009A2B46 /* CoreGraphics.framework in Frameworks */,
			);
			runOnlyForDeploymentPostprocessing = 0;
		};
/* End PBXFrameworksBuildPhase section */

/* Begin PBXGroup section */
		B5F84CF115609C0B009A2B46 = {
			isa = PBXGroup;
			children = (
				B5F84D0615609C0B009A2B46 /* NongYunTong */,
				B5F84CFF15609C0B009A2B46 /* Frameworks */,
				B5F84CFD15609C0B009A2B46 /* Products */,
			);
			sourceTree = "<group>";
		};
		B5F84CFD15609C0B009A2B46 /* Products */ = {
			isa = PBXGroup;
			children = (
				B5F84CFC15609C0B009A2B46 /* NongYunTong.app */,
			);
			name = Products;
			sourceTree = "<group>";
		};
		B5F84CFF15609C0B009A2B46 /* Frameworks */ = {
			isa = PBXGroup;
			children = (
				B5F84D0015609C0B009A2B46 /* UIKit.framework */,
				B5F84D0215609C0B009A2B46 /* Foundation.framework */,
				B5F84D0415609C0B009A2B46 /* CoreGraphics.framework */,
			);
			name = Frameworks;
			sourceTree = "<group>";
		};
		B5F84D0615609C0B009A2B46 /* NongYunTong */ = {
			isa = PBXGroup;
			children = (
				B5F84D0F15609C0B009A2B46 /* AppDelegate.h */,
				B5F84D1015609C0B009A2B46 /* AppDelegate.m */,
				B5F84D0715609C0B009A2B46 /* Supporting Files */,
			);
			path = NongYunTong;
			sourceTree = "<group>";
		};
		B5F84D0715609C0B009A2B46 /* Supporting Files */ = {
			isa = PBXGroup;
			children = (
				B5F84D0815609C0B009A2B46 /* NongYunTong-Info.plist */,
				B5F84D0915609C0B009A2B46 /* InfoPlist.strings */,
				B5F84D0C15609C0B009A2B46 /* main.m */,
				B5F84D0E15609C0B009A2B46 /* NongYunTong-Prefix.pch */,
			);
			name = "Supporting Files";
			sourceTree = "<group>";
		};
/* End PBXGroup section */

/* Begin PBXNativeTarget section */
		B5F84CFB15609C0B009A2B46 /* NongYunTong */ = {
			isa = PBXNativeTarget;
			buildConfigurationList = B5F84D1415609C0B009A2B46 /* Build configuration list for PBXNativeTarget "NongYunTong" */;
			buildPhases = (
				B5F84CF815609C0B009A2B46 /* Sources */,
				B5F84CF915609C0B009A2B46 /* Frameworks */,
				B5F84CFA15609C0B009A2B46 /* Resources */,
			);
			buildRules = (
			);
			dependencies = (
			);
			name = NongYunTong;
			productName = NongYunTong;
			productReference = B5F84CFC15609C0B009A2B46 /* NongYunTong.app */;
			productType = "com.apple.product-type.application";
		};
/* End PBXNativeTarget section */

/* Begin PBXProject section */
		B5F84CF315609C0B009A2B46 /* Project object */ = {
			isa = PBXProject;
			attributes = {
				LastUpgradeCheck = 0430;
			};
			buildConfigurationList = B5F84CF615609C0B009A2B46 /* Build configuration list for PBXProject "NongYunTong" */;
			compatibilityVersion = "Xcode 3.2";
			developmentRegion = English;
			hasScannedForEncodings = 0;
			knownRegions = (
				en,
			);
			mainGroup = B5F84CF115609C0B009A2B46;
			productRefGroup = B5F84CFD15609C0B009A2B46 /* Products */;
			projectDirPath = "";
			projectRoot = "";
			targets = (
				B5F84CFB15609C0B009A2B46 /* NongYunTong */,
			);
		};
/* End PBXProject section */

/* Begin PBXResourcesBuildPhase section */
		B5F84CFA15609C0B009A2B46 /* Resources */ = {
			isa = PBXResourcesBuildPhase;
			buildActionMask = 2147483647;
			files = (
				B5F84D0B15609C0B009A2B46 /* InfoPlist.strings in Resources */,
			);
			runOnlyForDeploymentPostprocessing = 0;
		};
/* End PBXResourcesBuildPhase section */

/* Begin PBXSourcesBuildPhase section */
		B5F84CF815609C0B009A2B46 /* Sources */ = {
			isa = PBXSourcesBuildPhase;
			buildActionMask = 2147483647;
			files = (
				B5F84D0D15609C0B009A2B46 /* main.m in Sources */,
				B5F84D1115609C0B009A2B46 /* AppDelegate.m in Sources */,
			);
			runOnlyForDeploymentPostprocessing = 0;
		};
/* End PBXSourcesBuildPhase section */

/* Begin PBXVariantGroup section */
		B5F84D0915609C0B009A2B46 /* InfoPlist.strings */ = {
			isa = PBXVariantGroup;
			children = (
				B5F84D0A15609C0B009A2B46 /* en */,
			);
			name = InfoPlist.strings;
			sourceTree = "<group>";
		};
/* End PBXVariantGroup section */

/* Begin XCBuildConfiguration section */
		B5F84D1215609C0B009A2B46 /* Debug */ = {
			isa = XCBuildConfiguration;
			buildSettings = {
				ALWAYS_SEARCH_USER_PATHS = NO;
				ARCHS = "$(ARCHS_STANDARD_32_BIT)";
				"CODE_SIGN_IDENTITY[sdk=iphoneos*]" = "iPhone Developer";
				COPY_PHASE_STRIP = NO;
				GCC_C_LANGUAGE_STANDARD = gnu99;
				GCC_DYNAMIC_NO_PIC = NO;
				GCC_OPTIMIZATION_LEVEL = 0;
				GCC_PREPROCESSOR_DEFINITIONS = (
					"DEBUG=1",
					"$(inherited)",
				);
				GCC_SYMBOLS_PRIVATE_EXTERN = NO;
				GCC_VERSION = com.apple.compilers.llvm.clang.1_0;
				GCC_WARN_ABOUT_RETURN_TYPE = YES;
				GCC_WARN_UNINITIALIZED_AUTOS = YES;
				GCC_WARN_UNUSED_VARIABLE = YES;
				IPHONEOS_DEPLOYMENT_TARGET = 5.1;
				SDKROOT = iphoneos;
			};
			name = Debug;
		};
		B5F84D1315609C0B009A2B46 /* Release */ = {
			isa = XCBuildConfiguration;
			buildSettings = {
				ALWAYS_SEARCH_USER_PATHS = NO;
				ARCHS = "$(ARCHS_STANDARD_32_BIT)";
				"CODE_SIGN_IDENTITY[sdk=iphoneos*]" = "iPhone Developer";
				COPY_PHASE_STRIP = YES;
				GCC_C_LANGUAGE_STANDARD = gnu99;
				GCC_VERSION = com.apple.compilers.llvm.clang.1_0;
				GCC_WARN_ABOUT_RETURN_TYPE = YES;
				GCC_WARN_UNINITIALIZED_AUTOS = YES;
				GCC_WARN_UNUSED_VARIABLE = YES;
				IPHONEOS_DEPLOYMENT_TARGET = 5.1;
				OTHER_CFLAGS = "-DNS_BLOCK_ASSERTIONS=1";
				SDKROOT = iphoneos;
				VALIDATE_PRODUCT = YES;
			};
			name = Release;
		};
		B5F84D1515609C0B009A2B46 /* Debug */ = {
			isa = XCBuildConfiguration;
			buildSettings = {
				GCC_PRECOMPILE_PREFIX_HEADER = YES;
				GCC_PREFIX_HEADER = "NongYunTong/NongYunTong-Prefix.pch";
				INFOPLIST_FILE = "NongYunTong/NongYunTong-Info.plist";
				PRODUCT_NAME = "$(TARGET_NAME)";
				WRAPPER_EXTENSION = app;
			};
			name = Debug;
		};
		B5F84D1615609C0B009A2B46 /* Release */ = {
			isa = XCBuildConfiguration;
			buildSettings = {
				GCC_PRECOMPILE_PREFIX_HEADER = YES;
				GCC_PREFIX_HEADER = "NongYunTong/NongYunTong-Prefix.pch";
				INFOPLIST_FILE = "NongYunTong/NongYunTong-Info.plist";
				PRODUCT_NAME = "$(TARGET_NAME)";
				WRAPPER_EXTENSION = app;
			};
			name = Release;
		};
/* End XCBuildConfiguration section */

/* Begin XCConfigurationList section */
		B5F84CF615609C0B009A2B46 /* Build configuration list for PBXProject "NongYunTong" */ = {
			isa = XCConfigurationList;
			buildConfigurations = (
				B5F84D1215609C0B009A2B46 /* Debug */,
				B5F84D1315609C0B009A2B46 /* Release */,
			);
			defaultConfigurationIsVisible = 0;
			defaultConfigurationName = Release;
		};
		B5F84D1415609C0B009A2B46 /* Build configuration list for PBXNativeTarget "NongYunTong" */ = {
			isa = XCConfigurationList;
			buildConfigurations = (
				B5F84D1515609C0B009A2B46 /* Debug */,
				B5F84D1615609C0B009A2B46 /* Release */,
			);
			defaultConfigurationIsVisible = 0;
		};
/* End XCConfigurationList section */
	};
	rootObject = B5F84CF315609C0B009A2B46 /* Project object */;
}
